
Microsoft Visual Studio Solution File, Format Version 12.00
# Visual Studio Version 17
VisualStudioVersion = 17.0.32014.148
MinimumVisualStudioVersion = 10.0.40219.1
Project("{9A19103F-16F7-4668-BE54-9A1E7A4F7556}") = "FarmCraft.Users.Tests", "FarmCraft.Users.Tests\FarmCraft.Users.Tests.csproj", "{1AFD8544-A3A5-465D-B045-41EAD9F99124}"
EndProject
Project("{9A19103F-16F7-4668-BE54-9A1E7A4F7556}") = "FarmCraft.Users.Data", "FarmCraft.Users.Data\FarmCraft.Users.Data.csproj", "{65AB41A9-2E20-4F7D-A208-B984009C3905}"
EndProject
Project("{9A19103F-16F7-4668-BE54-9A1E7A4F7556}") = "FarmCraft.Users.Core", "FarmCraft.Users.Core\FarmCraft.Users.Core.csproj", "{4135E91F-D42B-4688-866D-F9FBD46E2108}"
EndProject
Project("{9A19103F-16F7-4668-BE54-9A1E7A4F7556}") = "FarmCraft.Users.Api", "FarmCraft.Users.Api\FarmCraft.Users.Api.csproj", "{1B65BEAC-2648-47FD-AAB7-FF9A71FD1088}"
EndProject
Project("{FAE04EC0-301F-11D3-BF4B-00C04F79EFBC}") = "FarmCraft.Users.AADIntegrations", "FarmCraft.Users.AADIntegrations\FarmCraft.Users.AADIntegrations.csproj", "{8B1EFEF5-B3C0-4D81-830C-8B92EB0E683A}"
EndProject
Global
	GlobalSection(SolutionConfigurationPlatforms) = preSolution
		Debug|Any CPU = Debug|Any CPU
		Release|Any CPU = Release|Any CPU
	EndGlobalSection
	GlobalSection(ProjectConfigurationPlatforms) = postSolution
		{1AFD8544-A3A5-465D-B045-41EAD9F99124}.Debug|Any CPU.ActiveCfg = Debug|Any CPU
		{1AFD8544-A3A5-465D-B045-41EAD9F99124}.Debug|Any CPU.Build.0 = Debug|Any CPU
		{1AFD8544-A3A5-465D-B045-41EAD9F99124}.Release|Any CPU.ActiveCfg = Release|Any CPU
		{1AFD8544-A3A5-465D-B045-41EAD9F99124}.Release|Any CPU.Build.0 = Release|Any CPU
		{65AB41A9-2E20-4F7D-A208-B984009C3905}.Debug|Any CPU.ActiveCfg = Debug|Any CPU
		{65AB41A9-2E20-4F7D-A208-B984009C3905}.Debug|Any CPU.Build.0 = Debug|Any CPU
		{65AB41A9-2E20-4F7D-A208-B984009C3905}.Release|Any CPU.ActiveCfg = Release|Any CPU
		{65AB41A9-2E20-4F7D-A208-B984009C3905}.Release|Any CPU.Build.0 = Release|Any CPU
		{4135E91F-D42B-4688-866D-F9FBD46E2108}.Debug|Any CPU.ActiveCfg = Debug|Any CPU
		{4135E91F-D42B-4688-866D-F9FBD46E2108}.Debug|Any CPU.Build.0 = Debug|Any CPU
		{4135E91F-D42B-4688-866D-F9FBD46E2108}.Release|Any CPU.ActiveCfg = Release|Any CPU
		{4135E91F-D42B-4688-866D-F9FBD46E2108}.Release|Any CPU.Build.0 = Release|Any CPU
		{1B65BEAC-2648-47FD-AAB7-FF9A71FD1088}.Debug|Any CPU.ActiveCfg = Debug|Any CPU
		{1B65BEAC-2648-47FD-AAB7-FF9A71FD1088}.Debug|Any CPU.Build.0 = Debug|Any CPU
		{1B65BEAC-2648-47FD-AAB7-FF9A71FD1088}.Release|Any CPU.ActiveCfg = Release|Any CPU
		{1B65BEAC-2648-47FD-AAB7-FF9A71FD1088}.Release|Any CPU.Build.0 = Release|Any CPU
		{8B1EFEF5-B3C0-4D81-830C-8B92EB0E683A}.Debug|Any CPU.ActiveCfg = Debug|Any CPU
		{8B1EFEF5-B3C0-4D81-830C-8B92EB0E683A}.Debug|Any CPU.Build.0 = Debug|Any CPU
		{8B1EFEF5-B3C0-4D81-830C-8B92EB0E683A}.Release|Any CPU.ActiveCfg = Release|Any CPU
		{8B1EFEF5-B3C0-4D81-830C-8B92EB0E683A}.Release|Any CPU.Build.0 = Release|Any CPU
	EndGlobalSection
	GlobalSection(SolutionProperties) = preSolution
		HideSolutionNode = FALSE
	EndGlobalSection
	GlobalSection(ExtensibilityGlobals) = postSolution
		SolutionGuid = {DA92898B-1410-4FF8-A6E2-1B0EC189D873}
	EndGlobalSection
EndGlobal
